
Microsoft Visual Studio Solution File, Format Version 12.00
# Visual Studio 2013
VisualStudioVersion = 12.0.31101.0
MinimumVisualStudioVersion = 10.0.40219.1
Project("{00D1A9C2-B5F0-4AF3-8072-F6C62B433612}") = "TONYTEST01-Portal50", "TONYTEST01-Portal50\TONYTEST01-Portal50.sqlproj", "{19CE715C-2F5E-40EC-9430-17E191D6C927}"
EndProject
Global
	GlobalSection(SolutionConfigurationPlatforms) = preSolution
		Debug|Any CPU = Debug|Any CPU
		Release|Any CPU = Release|Any CPU
	EndGlobalSection
	GlobalSection(ProjectConfigurationPlatforms) = postSolution
		{19CE715C-2F5E-40EC-9430-17E191D6C927}.Debug|Any CPU.ActiveCfg = Debug|Any CPU
		{19CE715C-2F5E-40EC-9430-17E191D6C927}.Debug|Any CPU.Build.0 = Debug|Any CPU
		{19CE715C-2F5E-40EC-9430-17E191D6C927}.Debug|Any CPU.Deploy.0 = Debug|Any CPU
		{19CE715C-2F5E-40EC-9430-17E191D6C927}.Release|Any CPU.ActiveCfg = Release|Any CPU
		{19CE715C-2F5E-40EC-9430-17E191D6C927}.Release|Any CPU.Build.0 = Release|Any CPU
		{19CE715C-2F5E-40EC-9430-17E191D6C927}.Release|Any CPU.Deploy.0 = Release|Any CPU
	EndGlobalSection
	GlobalSection(SolutionProperties) = preSolution
		HideSolutionNode = FALSE
	EndGlobalSection
EndGlobal
