
Microsoft Visual Studio Solution File, Format Version 12.00
# Visual Studio 14
VisualStudioVersion = 14.0.25123.0
MinimumVisualStudioVersion = 10.0.40219.1
Project("{FAE04EC0-301F-11D3-BF4B-00C04F79EFBC}") = "ADONETConnectionTest1", "ADONETConnectionTest1\ADONETConnectionTest1.csproj", "{830F7456-AB4D-4938-AEFA-9F9055CAF2A0}"
EndProject
Global
	GlobalSection(SolutionConfigurationPlatforms) = preSolution
		Debug|Any CPU = Debug|Any CPU
		Release|Any CPU = Release|Any CPU
	EndGlobalSection
	GlobalSection(ProjectConfigurationPlatforms) = postSolution
		{830F7456-AB4D-4938-AEFA-9F9055CAF2A0}.Debug|Any CPU.ActiveCfg = Debug|Any CPU
		{830F7456-AB4D-4938-AEFA-9F9055CAF2A0}.Debug|Any CPU.Build.0 = Debug|Any CPU
		{830F7456-AB4D-4938-AEFA-9F9055CAF2A0}.Release|Any CPU.ActiveCfg = Release|Any CPU
		{830F7456-AB4D-4938-AEFA-9F9055CAF2A0}.Release|Any CPU.Build.0 = Release|Any CPU
	EndGlobalSection
	GlobalSection(SolutionProperties) = preSolution
		HideSolutionNode = FALSE
	EndGlobalSection
EndGlobal
