
Microsoft Visual Studio Solution File, Format Version 12.00
# Visual Studio 14
VisualStudioVersion = 14.0.25420.1
MinimumVisualStudioVersion = 10.0.40219.1
Project("{00D1A9C2-B5F0-4AF3-8072-F6C62B433612}") = "DatabaseFileGroupFiles", "DatabaseFileGroupFiles\DatabaseFileGroupFiles.sqlproj", "{C294CA9A-926B-41B6-8A85-475260C23F17}"
EndProject
Global
	GlobalSection(SolutionConfigurationPlatforms) = preSolution
		Debug|Any CPU = Debug|Any CPU
		Release|Any CPU = Release|Any CPU
	EndGlobalSection
	GlobalSection(ProjectConfigurationPlatforms) = postSolution
		{C294CA9A-926B-41B6-8A85-475260C23F17}.Debug|Any CPU.ActiveCfg = Debug|Any CPU
		{C294CA9A-926B-41B6-8A85-475260C23F17}.Debug|Any CPU.Build.0 = Debug|Any CPU
		{C294CA9A-926B-41B6-8A85-475260C23F17}.Debug|Any CPU.Deploy.0 = Debug|Any CPU
		{C294CA9A-926B-41B6-8A85-475260C23F17}.Release|Any CPU.ActiveCfg = Release|Any CPU
		{C294CA9A-926B-41B6-8A85-475260C23F17}.Release|Any CPU.Build.0 = Release|Any CPU
		{C294CA9A-926B-41B6-8A85-475260C23F17}.Release|Any CPU.Deploy.0 = Release|Any CPU
	EndGlobalSection
	GlobalSection(SolutionProperties) = preSolution
		HideSolutionNode = FALSE
	EndGlobalSection
EndGlobal
