
Microsoft Visual Studio Solution File, Format Version 12.00
# Visual Studio 2013
VisualStudioVersion = 12.0.31101.0
MinimumVisualStudioVersion = 10.0.40219.1
Project("{00D1A9C2-B5F0-4AF3-8072-F6C62B433612}") = "TONYTEST01", "TONYTEST01\TONYTEST01.sqlproj", "{E8FA4C88-D91F-4802-9F3C-C1B9E5EAA141}"
EndProject
Project("{00D1A9C2-B5F0-4AF3-8072-F6C62B433612}") = "TONYTEST02", "TONYTEST02\TONYTEST02.sqlproj", "{D92110BC-BAF3-49C2-9327-91530453DF1A}"
EndProject
Global
	GlobalSection(SolutionConfigurationPlatforms) = preSolution
		Debug|Any CPU = Debug|Any CPU
		Release|Any CPU = Release|Any CPU
	EndGlobalSection
	GlobalSection(ProjectConfigurationPlatforms) = postSolution
		{E8FA4C88-D91F-4802-9F3C-C1B9E5EAA141}.Debug|Any CPU.ActiveCfg = Debug|Any CPU
		{E8FA4C88-D91F-4802-9F3C-C1B9E5EAA141}.Debug|Any CPU.Build.0 = Debug|Any CPU
		{E8FA4C88-D91F-4802-9F3C-C1B9E5EAA141}.Debug|Any CPU.Deploy.0 = Debug|Any CPU
		{E8FA4C88-D91F-4802-9F3C-C1B9E5EAA141}.Release|Any CPU.ActiveCfg = Release|Any CPU
		{E8FA4C88-D91F-4802-9F3C-C1B9E5EAA141}.Release|Any CPU.Build.0 = Release|Any CPU
		{E8FA4C88-D91F-4802-9F3C-C1B9E5EAA141}.Release|Any CPU.Deploy.0 = Release|Any CPU
		{D92110BC-BAF3-49C2-9327-91530453DF1A}.Debug|Any CPU.ActiveCfg = Debug|Any CPU
		{D92110BC-BAF3-49C2-9327-91530453DF1A}.Debug|Any CPU.Build.0 = Debug|Any CPU
		{D92110BC-BAF3-49C2-9327-91530453DF1A}.Debug|Any CPU.Deploy.0 = Debug|Any CPU
		{D92110BC-BAF3-49C2-9327-91530453DF1A}.Release|Any CPU.ActiveCfg = Release|Any CPU
		{D92110BC-BAF3-49C2-9327-91530453DF1A}.Release|Any CPU.Build.0 = Release|Any CPU
		{D92110BC-BAF3-49C2-9327-91530453DF1A}.Release|Any CPU.Deploy.0 = Release|Any CPU
	EndGlobalSection
	GlobalSection(SolutionProperties) = preSolution
		HideSolutionNode = FALSE
	EndGlobalSection
EndGlobal
