
Microsoft Visual Studio Solution File, Format Version 12.00
# Visual Studio 14
VisualStudioVersion = 14.0.25008.0
MinimumVisualStudioVersion = 10.0.40219.1
Project("{54435603-DBB4-11D2-8724-00A0C9A8B90C}") = "TestAppSetup", "TestAppSetup\TestAppSetup.vdproj", "{F264C758-342B-4F98-B0AA-C99833149BF8}"
EndProject
Project("{FAE04EC0-301F-11D3-BF4B-00C04F79EFBC}") = "TestApp", "TestApp\TestApp.csproj", "{ADAB5E03-ED98-47D3-B0B0-3C65B5C856EF}"
EndProject
Global
	GlobalSection(SolutionConfigurationPlatforms) = preSolution
		Debug|Any CPU = Debug|Any CPU
		Debug|Win32 = Debug|Win32
		Release|Any CPU = Release|Any CPU
		Release|Win32 = Release|Win32
	EndGlobalSection
	GlobalSection(ProjectConfigurationPlatforms) = postSolution
		{F264C758-342B-4F98-B0AA-C99833149BF8}.Debug|Any CPU.ActiveCfg = Debug
		{F264C758-342B-4F98-B0AA-C99833149BF8}.Debug|Any CPU.Build.0 = Debug
		{F264C758-342B-4F98-B0AA-C99833149BF8}.Debug|Win32.ActiveCfg = Debug
		{F264C758-342B-4F98-B0AA-C99833149BF8}.Debug|Win32.Build.0 = Debug
		{F264C758-342B-4F98-B0AA-C99833149BF8}.Release|Any CPU.ActiveCfg = Release
		{F264C758-342B-4F98-B0AA-C99833149BF8}.Release|Any CPU.Build.0 = Release
		{F264C758-342B-4F98-B0AA-C99833149BF8}.Release|Win32.ActiveCfg = Release
		{F264C758-342B-4F98-B0AA-C99833149BF8}.Release|Win32.Build.0 = Release
		{ADAB5E03-ED98-47D3-B0B0-3C65B5C856EF}.Debug|Any CPU.ActiveCfg = Debug|x86
		{ADAB5E03-ED98-47D3-B0B0-3C65B5C856EF}.Debug|Any CPU.Build.0 = Debug|x86
		{ADAB5E03-ED98-47D3-B0B0-3C65B5C856EF}.Debug|Win32.ActiveCfg = Debug|x86
		{ADAB5E03-ED98-47D3-B0B0-3C65B5C856EF}.Debug|Win32.Build.0 = Debug|x86
		{ADAB5E03-ED98-47D3-B0B0-3C65B5C856EF}.Release|Any CPU.ActiveCfg = Release|Any CPU
		{ADAB5E03-ED98-47D3-B0B0-3C65B5C856EF}.Release|Any CPU.Build.0 = Release|Any CPU
		{ADAB5E03-ED98-47D3-B0B0-3C65B5C856EF}.Release|Win32.ActiveCfg = Release|x86
		{ADAB5E03-ED98-47D3-B0B0-3C65B5C856EF}.Release|Win32.Build.0 = Release|x86
	EndGlobalSection
	GlobalSection(SolutionProperties) = preSolution
		HideSolutionNode = FALSE
	EndGlobalSection
EndGlobal
