
Microsoft Visual Studio Solution File, Format Version 12.00
# Visual Studio 15
VisualStudioVersion = 15.0.27004.2008
MinimumVisualStudioVersion = 10.0.40219.1
Project("{00D1A9C2-B5F0-4AF3-8072-F6C62B433612}") = "VideoCollection", "VideoCollection\VideoCollection.sqlproj", "{18406981-C3C1-4D8C-85B0-27185A7A9894}"
EndProject
Global
	GlobalSection(SolutionConfigurationPlatforms) = preSolution
		Debug|Any CPU = Debug|Any CPU
		Release|Any CPU = Release|Any CPU
	EndGlobalSection
	GlobalSection(ProjectConfigurationPlatforms) = postSolution
		{18406981-C3C1-4D8C-85B0-27185A7A9894}.Debug|Any CPU.ActiveCfg = Debug|Any CPU
		{18406981-C3C1-4D8C-85B0-27185A7A9894}.Debug|Any CPU.Build.0 = Debug|Any CPU
		{18406981-C3C1-4D8C-85B0-27185A7A9894}.Debug|Any CPU.Deploy.0 = Debug|Any CPU
		{18406981-C3C1-4D8C-85B0-27185A7A9894}.Release|Any CPU.ActiveCfg = Release|Any CPU
		{18406981-C3C1-4D8C-85B0-27185A7A9894}.Release|Any CPU.Build.0 = Release|Any CPU
		{18406981-C3C1-4D8C-85B0-27185A7A9894}.Release|Any CPU.Deploy.0 = Release|Any CPU
	EndGlobalSection
	GlobalSection(SolutionProperties) = preSolution
		HideSolutionNode = FALSE
	EndGlobalSection
	GlobalSection(ExtensibilityGlobals) = postSolution
		SolutionGuid = {724EF343-6BED-4D4A-8AC6-6C247705ACB7}
	EndGlobalSection
EndGlobal
