
Microsoft Visual Studio Solution File, Format Version 12.00
# Visual Studio 14
VisualStudioVersion = 14.0.24720.0
MinimumVisualStudioVersion = 10.0.40219.1
Project("{930C7802-8A8C-48F9-8165-68863BCCD9DD}") = "SetupDAC", "SetupDAC\SetupDAC.wixproj", "{390B04D7-2AC0-4A99-BFCF-2E0CD98745A1}"
EndProject
Global
	GlobalSection(SolutionConfigurationPlatforms) = preSolution
		Debug|x86 = Debug|x86
		Release|x86 = Release|x86
	EndGlobalSection
	GlobalSection(ProjectConfigurationPlatforms) = postSolution
		{390B04D7-2AC0-4A99-BFCF-2E0CD98745A1}.Debug|x86.ActiveCfg = Debug|x86
		{390B04D7-2AC0-4A99-BFCF-2E0CD98745A1}.Debug|x86.Build.0 = Debug|x86
		{390B04D7-2AC0-4A99-BFCF-2E0CD98745A1}.Release|x86.ActiveCfg = Release|x86
		{390B04D7-2AC0-4A99-BFCF-2E0CD98745A1}.Release|x86.Build.0 = Release|x86
	EndGlobalSection
	GlobalSection(SolutionProperties) = preSolution
		HideSolutionNode = FALSE
	EndGlobalSection
EndGlobal
