
Microsoft Visual Studio Solution File, Format Version 12.00
# Visual Studio 14
VisualStudioVersion = 14.0.23107.0
MinimumVisualStudioVersion = 10.0.40219.1
Project("{6141683F-8A12-4E36-9623-2EB02B2C2303}") = "Setup5", "Setup5\Setup5.isproj", "{F0A4A8E8-2525-4FB5-B3E3-A6DFE04B0885}"
EndProject
Global
	GlobalSection(SolutionConfigurationPlatforms) = preSolution
		CD_ROM|Default = CD_ROM|Default
		DVD-5|Default = DVD-5|Default
		SingleImage|Default = SingleImage|Default
	EndGlobalSection
	GlobalSection(ProjectConfigurationPlatforms) = postSolution
		{F0A4A8E8-2525-4FB5-B3E3-A6DFE04B0885}.CD_ROM|Default.ActiveCfg = CD_ROM
		{F0A4A8E8-2525-4FB5-B3E3-A6DFE04B0885}.CD_ROM|Default.Build.0 = CD_ROM
		{F0A4A8E8-2525-4FB5-B3E3-A6DFE04B0885}.DVD-5|Default.ActiveCfg = DVD-5
		{F0A4A8E8-2525-4FB5-B3E3-A6DFE04B0885}.DVD-5|Default.Build.0 = DVD-5
		{F0A4A8E8-2525-4FB5-B3E3-A6DFE04B0885}.SingleImage|Default.ActiveCfg = SingleImage
		{F0A4A8E8-2525-4FB5-B3E3-A6DFE04B0885}.SingleImage|Default.Build.0 = SingleImage
	EndGlobalSection
	GlobalSection(SolutionProperties) = preSolution
		HideSolutionNode = FALSE
	EndGlobalSection
EndGlobal
