
Microsoft Visual Studio Solution File, Format Version 12.00
# Visual Studio 15
VisualStudioVersion = 15.0.27703.2018
MinimumVisualStudioVersion = 10.0.40219.1
Project("{00D1A9C2-B5F0-4AF3-8072-F6C62B433612}") = "SimpleUnitTestDB", "SimpleUnitTestDB\SimpleUnitTestDB.sqlproj", "{108F44B0-5CB4-4F19-9379-3125256AA16D}"
EndProject
Project("{FAE04EC0-301F-11D3-BF4B-00C04F79EFBC}") = "TestProject1", "TestProject1\TestProject1.csproj", "{95B7EC30-F4BA-410B-955E-F428FCDD2F23}"
EndProject
Global
	GlobalSection(SolutionConfigurationPlatforms) = preSolution
		Debug|Any CPU = Debug|Any CPU
		Release|Any CPU = Release|Any CPU
	EndGlobalSection
	GlobalSection(ProjectConfigurationPlatforms) = postSolution
		{108F44B0-5CB4-4F19-9379-3125256AA16D}.Debug|Any CPU.ActiveCfg = Debug|Any CPU
		{108F44B0-5CB4-4F19-9379-3125256AA16D}.Debug|Any CPU.Build.0 = Debug|Any CPU
		{108F44B0-5CB4-4F19-9379-3125256AA16D}.Debug|Any CPU.Deploy.0 = Debug|Any CPU
		{108F44B0-5CB4-4F19-9379-3125256AA16D}.Release|Any CPU.ActiveCfg = Release|Any CPU
		{108F44B0-5CB4-4F19-9379-3125256AA16D}.Release|Any CPU.Build.0 = Release|Any CPU
		{108F44B0-5CB4-4F19-9379-3125256AA16D}.Release|Any CPU.Deploy.0 = Release|Any CPU
		{95B7EC30-F4BA-410B-955E-F428FCDD2F23}.Debug|Any CPU.ActiveCfg = Debug|Any CPU
		{95B7EC30-F4BA-410B-955E-F428FCDD2F23}.Debug|Any CPU.Build.0 = Debug|Any CPU
		{95B7EC30-F4BA-410B-955E-F428FCDD2F23}.Release|Any CPU.ActiveCfg = Release|Any CPU
		{95B7EC30-F4BA-410B-955E-F428FCDD2F23}.Release|Any CPU.Build.0 = Release|Any CPU
	EndGlobalSection
	GlobalSection(SolutionProperties) = preSolution
		HideSolutionNode = FALSE
	EndGlobalSection
	GlobalSection(ExtensibilityGlobals) = postSolution
		SolutionGuid = {F9FB37AE-5AD3-4433-A02B-36C0E59FA3BF}
	EndGlobalSection
EndGlobal
