
Microsoft Visual Studio Solution File, Format Version 12.00
# Visual Studio Version 16
VisualStudioVersion = 16.0.28407.52
MinimumVisualStudioVersion = 10.0.40219.1
Project("{00D1A9C2-B5F0-4AF3-8072-F6C62B433612}") = "PersonDatabase", "Database1\PersonDatabase.sqlproj", "{758ADF20-72FA-47C3-A015-C2B3B411A5E5}"
EndProject
Project("{FAE04EC0-301F-11D3-BF4B-00C04F79EFBC}") = "PersonDatabaseTest", "PersonDatabaseTest\PersonDatabaseTest.csproj", "{4BF9FD73-5A50-41AD-949C-B8EA922FAE59}"
EndProject
Global
	GlobalSection(SolutionConfigurationPlatforms) = preSolution
		Debug|Any CPU = Debug|Any CPU
		Release|Any CPU = Release|Any CPU
	EndGlobalSection
	GlobalSection(ProjectConfigurationPlatforms) = postSolution
		{758ADF20-72FA-47C3-A015-C2B3B411A5E5}.Debug|Any CPU.ActiveCfg = Debug|Any CPU
		{758ADF20-72FA-47C3-A015-C2B3B411A5E5}.Debug|Any CPU.Build.0 = Debug|Any CPU
		{758ADF20-72FA-47C3-A015-C2B3B411A5E5}.Release|Any CPU.ActiveCfg = Release|Any CPU
		{758ADF20-72FA-47C3-A015-C2B3B411A5E5}.Release|Any CPU.Build.0 = Release|Any CPU
		{4BF9FD73-5A50-41AD-949C-B8EA922FAE59}.Debug|Any CPU.ActiveCfg = Debug|Any CPU
		{4BF9FD73-5A50-41AD-949C-B8EA922FAE59}.Debug|Any CPU.Build.0 = Debug|Any CPU
		{4BF9FD73-5A50-41AD-949C-B8EA922FAE59}.Release|Any CPU.ActiveCfg = Release|Any CPU
		{4BF9FD73-5A50-41AD-949C-B8EA922FAE59}.Release|Any CPU.Build.0 = Release|Any CPU
	EndGlobalSection
	GlobalSection(SolutionProperties) = preSolution
		HideSolutionNode = FALSE
	EndGlobalSection
	GlobalSection(ExtensibilityGlobals) = postSolution
		SolutionGuid = {8579C4B1-AACC-4020-8F1A-2727C29CB7F2}
	EndGlobalSection
EndGlobal
