
Microsoft Visual Studio Solution File, Format Version 12.00
# Visual Studio 15
VisualStudioVersion = 15.0.28307.168
MinimumVisualStudioVersion = 10.0.40219.1
Project("{00D1A9C2-B5F0-4AF3-8072-F6C62B433612}") = "PortalX", "PortalX\PortalX.sqlproj", "{DD497183-2140-4F7F-9127-CBE9DC30B389}"
EndProject
Global
	GlobalSection(SolutionConfigurationPlatforms) = preSolution
		Debug|Any CPU = Debug|Any CPU
		Release|Any CPU = Release|Any CPU
	EndGlobalSection
	GlobalSection(ProjectConfigurationPlatforms) = postSolution
		{DD497183-2140-4F7F-9127-CBE9DC30B389}.Debug|Any CPU.ActiveCfg = Debug|Any CPU
		{DD497183-2140-4F7F-9127-CBE9DC30B389}.Debug|Any CPU.Build.0 = Debug|Any CPU
		{DD497183-2140-4F7F-9127-CBE9DC30B389}.Debug|Any CPU.Deploy.0 = Debug|Any CPU
		{DD497183-2140-4F7F-9127-CBE9DC30B389}.Release|Any CPU.ActiveCfg = Release|Any CPU
		{DD497183-2140-4F7F-9127-CBE9DC30B389}.Release|Any CPU.Build.0 = Release|Any CPU
		{DD497183-2140-4F7F-9127-CBE9DC30B389}.Release|Any CPU.Deploy.0 = Release|Any CPU
	EndGlobalSection
	GlobalSection(SolutionProperties) = preSolution
		HideSolutionNode = FALSE
	EndGlobalSection
	GlobalSection(ExtensibilityGlobals) = postSolution
		SolutionGuid = {6D9768C4-F11F-48AE-93C8-82EE34D60C0E}
	EndGlobalSection
EndGlobal
