
Microsoft Visual Studio Solution File, Format Version 12.00
# Visual Studio 14
VisualStudioVersion = 14.0.25123.0
MinimumVisualStudioVersion = 10.0.40219.1
Project("{00D1A9C2-B5F0-4AF3-8072-F6C62B433612}") = "perf_warehouse", "perf_warehouse\perf_warehouse.sqlproj", "{95BC31E1-0342-43D6-8E9E-042C7FD3945F}"
EndProject
Project("{FAE04EC0-301F-11D3-BF4B-00C04F79EFBC}") = "TestProject1", "TestProject1\TestProject1.csproj", "{A89AA6E4-D937-4BDA-837B-2C5B4694BDA6}"
EndProject
Global
	GlobalSection(SolutionConfigurationPlatforms) = preSolution
		Debug|Any CPU = Debug|Any CPU
		Release|Any CPU = Release|Any CPU
	EndGlobalSection
	GlobalSection(ProjectConfigurationPlatforms) = postSolution
		{95BC31E1-0342-43D6-8E9E-042C7FD3945F}.Debug|Any CPU.ActiveCfg = Debug|Any CPU
		{95BC31E1-0342-43D6-8E9E-042C7FD3945F}.Debug|Any CPU.Build.0 = Debug|Any CPU
		{95BC31E1-0342-43D6-8E9E-042C7FD3945F}.Debug|Any CPU.Deploy.0 = Debug|Any CPU
		{95BC31E1-0342-43D6-8E9E-042C7FD3945F}.Release|Any CPU.ActiveCfg = Release|Any CPU
		{95BC31E1-0342-43D6-8E9E-042C7FD3945F}.Release|Any CPU.Build.0 = Release|Any CPU
		{95BC31E1-0342-43D6-8E9E-042C7FD3945F}.Release|Any CPU.Deploy.0 = Release|Any CPU
		{A89AA6E4-D937-4BDA-837B-2C5B4694BDA6}.Debug|Any CPU.ActiveCfg = Debug|Any CPU
		{A89AA6E4-D937-4BDA-837B-2C5B4694BDA6}.Debug|Any CPU.Build.0 = Debug|Any CPU
		{A89AA6E4-D937-4BDA-837B-2C5B4694BDA6}.Release|Any CPU.ActiveCfg = Release|Any CPU
		{A89AA6E4-D937-4BDA-837B-2C5B4694BDA6}.Release|Any CPU.Build.0 = Release|Any CPU
	EndGlobalSection
	GlobalSection(SolutionProperties) = preSolution
		HideSolutionNode = FALSE
	EndGlobalSection
EndGlobal
