
Microsoft Visual Studio Solution File, Format Version 12.00
# Visual Studio Version 16
VisualStudioVersion = 16.0.28315.86
MinimumVisualStudioVersion = 10.0.40219.1
Project("{FAE04EC0-301F-11D3-BF4B-00C04F79EFBC}") = "ConsoleApp1", "ConsoleApp1\ConsoleApp1.csproj", "{CA73A4CC-ADBB-47DD-893F-09EF7B2A9C18}"
EndProject
Global
	GlobalSection(SolutionConfigurationPlatforms) = preSolution
		Debug|Any CPU = Debug|Any CPU
		Release|Any CPU = Release|Any CPU
	EndGlobalSection
	GlobalSection(ProjectConfigurationPlatforms) = postSolution
		{CA73A4CC-ADBB-47DD-893F-09EF7B2A9C18}.Debug|Any CPU.ActiveCfg = Debug|Any CPU
		{CA73A4CC-ADBB-47DD-893F-09EF7B2A9C18}.Debug|Any CPU.Build.0 = Debug|Any CPU
		{CA73A4CC-ADBB-47DD-893F-09EF7B2A9C18}.Release|Any CPU.ActiveCfg = Release|Any CPU
		{CA73A4CC-ADBB-47DD-893F-09EF7B2A9C18}.Release|Any CPU.Build.0 = Release|Any CPU
	EndGlobalSection
	GlobalSection(SolutionProperties) = preSolution
		HideSolutionNode = FALSE
	EndGlobalSection
	GlobalSection(ExtensibilityGlobals) = postSolution
		SolutionGuid = {27B2BD4B-DD9D-406E-B9C7-69728897D755}
	EndGlobalSection
EndGlobal
