
Microsoft Visual Studio Solution File, Format Version 12.00
# Visual Studio 15
VisualStudioVersion = 15.0.26430.12
MinimumVisualStudioVersion = 10.0.40219.1
Project("{D954291E-2A0B-460D-934E-DC6B0785DB48}") = "XamarinTicTacToe", "XamarinTicTacToe\XamarinTicTacToe\XamarinTicTacToe.shproj", "{393451F5-A7DE-43FB-A5B5-61264CC34E69}"
EndProject
Project("{FAE04EC0-301F-11D3-BF4B-00C04F79EFBC}") = "XamarinTicTacToe.Android", "XamarinTicTacToe\XamarinTicTacToe.Android\XamarinTicTacToe.Android.csproj", "{DC35AECE-7CBD-45DD-BA02-D4ED227BE562}"
EndProject
Project("{FAE04EC0-301F-11D3-BF4B-00C04F79EFBC}") = "XamarinTicTacToe.iOS", "XamarinTicTacToe\XamarinTicTacToe.iOS\XamarinTicTacToe.iOS.csproj", "{383D369B-C971-41E9-8DB7-44CE20CBDF5B}"
EndProject
Project("{FAE04EC0-301F-11D3-BF4B-00C04F79EFBC}") = "XamarinTicTacToe.UWP", "XamarinTicTacToe\XamarinTicTacToe.UWP\XamarinTicTacToe.UWP.csproj", "{3182E759-E18F-4DDF-B59C-8DFA3AEF7CF3}"
EndProject
Global
	GlobalSection(SharedMSBuildProjectFiles) = preSolution
		XamarinTicTacToe\XamarinTicTacToe\XamarinTicTacToe.projitems*{3182e759-e18f-4ddf-b59c-8dfa3aef7cf3}*SharedItemsImports = 4
		XamarinTicTacToe\XamarinTicTacToe\XamarinTicTacToe.projitems*{383d369b-c971-41e9-8db7-44ce20cbdf5b}*SharedItemsImports = 4
		XamarinTicTacToe\XamarinTicTacToe\XamarinTicTacToe.projitems*{393451f5-a7de-43fb-a5b5-61264cc34e69}*SharedItemsImports = 13
		XamarinTicTacToe\XamarinTicTacToe\XamarinTicTacToe.projitems*{dc35aece-7cbd-45dd-ba02-d4ed227be562}*SharedItemsImports = 4
	EndGlobalSection
	GlobalSection(SolutionConfigurationPlatforms) = preSolution
		Ad-Hoc|Any CPU = Ad-Hoc|Any CPU
		Ad-Hoc|ARM = Ad-Hoc|ARM
		Ad-Hoc|iPhone = Ad-Hoc|iPhone
		Ad-Hoc|iPhoneSimulator = Ad-Hoc|iPhoneSimulator
		Ad-Hoc|x64 = Ad-Hoc|x64
		Ad-Hoc|x86 = Ad-Hoc|x86
		AppStore|Any CPU = AppStore|Any CPU
		AppStore|ARM = AppStore|ARM
		AppStore|iPhone = AppStore|iPhone
		AppStore|iPhoneSimulator = AppStore|iPhoneSimulator
		AppStore|x64 = AppStore|x64
		AppStore|x86 = AppStore|x86
		Debug|Any CPU = Debug|Any CPU
		Debug|ARM = Debug|ARM
		Debug|iPhone = Debug|iPhone
		Debug|iPhoneSimulator = Debug|iPhoneSimulator
		Debug|x64 = Debug|x64
		Debug|x86 = Debug|x86
		Release|Any CPU = Release|Any CPU
		Release|ARM = Release|ARM
		Release|iPhone = Release|iPhone
		Release|iPhoneSimulator = Release|iPhoneSimulator
		Release|x64 = Release|x64
		Release|x86 = Release|x86
	EndGlobalSection
	GlobalSection(ProjectConfigurationPlatforms) = postSolution
		{DC35AECE-7CBD-45DD-BA02-D4ED227BE562}.Ad-Hoc|Any CPU.ActiveCfg = Release|Any CPU
		{DC35AECE-7CBD-45DD-BA02-D4ED227BE562}.Ad-Hoc|Any CPU.Build.0 = Release|Any CPU
		{DC35AECE-7CBD-45DD-BA02-D4ED227BE562}.Ad-Hoc|Any CPU.Deploy.0 = Release|Any CPU
		{DC35AECE-7CBD-45DD-BA02-D4ED227BE562}.Ad-Hoc|ARM.ActiveCfg = Release|Any CPU
		{DC35AECE-7CBD-45DD-BA02-D4ED227BE562}.Ad-Hoc|ARM.Build.0 = Release|Any CPU
		{DC35AECE-7CBD-45DD-BA02-D4ED227BE562}.Ad-Hoc|ARM.Deploy.0 = Release|Any CPU
		{DC35AECE-7CBD-45DD-BA02-D4ED227BE562}.Ad-Hoc|iPhone.ActiveCfg = Release|Any CPU
		{DC35AECE-7CBD-45DD-BA02-D4ED227BE562}.Ad-Hoc|iPhone.Build.0 = Release|Any CPU
		{DC35AECE-7CBD-45DD-BA02-D4ED227BE562}.Ad-Hoc|iPhone.Deploy.0 = Release|Any CPU
		{DC35AECE-7CBD-45DD-BA02-D4ED227BE562}.Ad-Hoc|iPhoneSimulator.ActiveCfg = Release|Any CPU
		{DC35AECE-7CBD-45DD-BA02-D4ED227BE562}.Ad-Hoc|iPhoneSimulator.Build.0 = Release|Any CPU
		{DC35AECE-7CBD-45DD-BA02-D4ED227BE562}.Ad-Hoc|iPhoneSimulator.Deploy.0 = Release|Any CPU
		{DC35AECE-7CBD-45DD-BA02-D4ED227BE562}.Ad-Hoc|x64.ActiveCfg = Release|Any CPU
		{DC35AECE-7CBD-45DD-BA02-D4ED227BE562}.Ad-Hoc|x64.Build.0 = Release|Any CPU
		{DC35AECE-7CBD-45DD-BA02-D4ED227BE562}.Ad-Hoc|x64.Deploy.0 = Release|Any CPU
		{DC35AECE-7CBD-45DD-BA02-D4ED227BE562}.Ad-Hoc|x86.ActiveCfg = Release|Any CPU
		{DC35AECE-7CBD-45DD-BA02-D4ED227BE562}.Ad-Hoc|x86.Build.0 = Release|Any CPU
		{DC35AECE-7CBD-45DD-BA02-D4ED227BE562}.Ad-Hoc|x86.Deploy.0 = Release|Any CPU
		{DC35AECE-7CBD-45DD-BA02-D4ED227BE562}.AppStore|Any CPU.ActiveCfg = Release|Any CPU
		{DC35AECE-7CBD-45DD-BA02-D4ED227BE562}.AppStore|Any CPU.Build.0 = Release|Any CPU
		{DC35AECE-7CBD-45DD-BA02-D4ED227BE562}.AppStore|Any CPU.Deploy.0 = Release|Any CPU
		{DC35AECE-7CBD-45DD-BA02-D4ED227BE562}.AppStore|ARM.ActiveCfg = Release|Any CPU
		{DC35AECE-7CBD-45DD-BA02-D4ED227BE562}.AppStore|ARM.Build.0 = Release|Any CPU
		{DC35AECE-7CBD-45DD-BA02-D4ED227BE562}.AppStore|ARM.Deploy.0 = Release|Any CPU
		{DC35AECE-7CBD-45DD-BA02-D4ED227BE562}.AppStore|iPhone.ActiveCfg = Release|Any CPU
		{DC35AECE-7CBD-45DD-BA02-D4ED227BE562}.AppStore|iPhone.Build.0 = Release|Any CPU
		{DC35AECE-7CBD-45DD-BA02-D4ED227BE562}.AppStore|iPhone.Deploy.0 = Release|Any CPU
		{DC35AECE-7CBD-45DD-BA02-D4ED227BE562}.AppStore|iPhoneSimulator.ActiveCfg = Release|Any CPU
		{DC35AECE-7CBD-45DD-BA02-D4ED227BE562}.AppStore|iPhoneSimulator.Build.0 = Release|Any CPU
		{DC35AECE-7CBD-45DD-BA02-D4ED227BE562}.AppStore|iPhoneSimulator.Deploy.0 = Release|Any CPU
		{DC35AECE-7CBD-45DD-BA02-D4ED227BE562}.AppStore|x64.ActiveCfg = Release|Any CPU
		{DC35AECE-7CBD-45DD-BA02-D4ED227BE562}.AppStore|x64.Build.0 = Release|Any CPU
		{DC35AECE-7CBD-45DD-BA02-D4ED227BE562}.AppStore|x64.Deploy.0 = Release|Any CPU
		{DC35AECE-7CBD-45DD-BA02-D4ED227BE562}.AppStore|x86.ActiveCfg = Release|Any CPU
		{DC35AECE-7CBD-45DD-BA02-D4ED227BE562}.AppStore|x86.Build.0 = Release|Any CPU
		{DC35AECE-7CBD-45DD-BA02-D4ED227BE562}.AppStore|x86.Deploy.0 = Release|Any CPU
		{DC35AECE-7CBD-45DD-BA02-D4ED227BE562}.Debug|Any CPU.ActiveCfg = Debug|Any CPU
		{DC35AECE-7CBD-45DD-BA02-D4ED227BE562}.Debug|Any CPU.Build.0 = Debug|Any CPU
		{DC35AECE-7CBD-45DD-BA02-D4ED227BE562}.Debug|Any CPU.Deploy.0 = Debug|Any CPU
		{DC35AECE-7CBD-45DD-BA02-D4ED227BE562}.Debug|ARM.ActiveCfg = Debug|Any CPU
		{DC35AECE-7CBD-45DD-BA02-D4ED227BE562}.Debug|ARM.Build.0 = Debug|Any CPU
		{DC35AECE-7CBD-45DD-BA02-D4ED227BE562}.Debug|ARM.Deploy.0 = Debug|Any CPU
		{DC35AECE-7CBD-45DD-BA02-D4ED227BE562}.Debug|iPhone.ActiveCfg = Debug|Any CPU
		{DC35AECE-7CBD-45DD-BA02-D4ED227BE562}.Debug|iPhone.Build.0 = Debug|Any CPU
		{DC35AECE-7CBD-45DD-BA02-D4ED227BE562}.Debug|iPhone.Deploy.0 = Debug|Any CPU
		{DC35AECE-7CBD-45DD-BA02-D4ED227BE562}.Debug|iPhoneSimulator.ActiveCfg = Debug|Any CPU
		{DC35AECE-7CBD-45DD-BA02-D4ED227BE562}.Debug|iPhoneSimulator.Build.0 = Debug|Any CPU
		{DC35AECE-7CBD-45DD-BA02-D4ED227BE562}.Debug|iPhoneSimulator.Deploy.0 = Debug|Any CPU
		{DC35AECE-7CBD-45DD-BA02-D4ED227BE562}.Debug|x64.ActiveCfg = Debug|Any CPU
		{DC35AECE-7CBD-45DD-BA02-D4ED227BE562}.Debug|x64.Build.0 = Debug|Any CPU
		{DC35AECE-7CBD-45DD-BA02-D4ED227BE562}.Debug|x64.Deploy.0 = Debug|Any CPU
		{DC35AECE-7CBD-45DD-BA02-D4ED227BE562}.Debug|x86.ActiveCfg = Debug|Any CPU
		{DC35AECE-7CBD-45DD-BA02-D4ED227BE562}.Debug|x86.Build.0 = Debug|Any CPU
		{DC35AECE-7CBD-45DD-BA02-D4ED227BE562}.Debug|x86.Deploy.0 = Debug|Any CPU
		{DC35AECE-7CBD-45DD-BA02-D4ED227BE562}.Release|Any CPU.ActiveCfg = Release|Any CPU
		{DC35AECE-7CBD-45DD-BA02-D4ED227BE562}.Release|Any CPU.Build.0 = Release|Any CPU
		{DC35AECE-7CBD-45DD-BA02-D4ED227BE562}.Release|Any CPU.Deploy.0 = Release|Any CPU
		{DC35AECE-7CBD-45DD-BA02-D4ED227BE562}.Release|ARM.ActiveCfg = Release|Any CPU
		{DC35AECE-7CBD-45DD-BA02-D4ED227BE562}.Release|ARM.Build.0 = Release|Any CPU
		{DC35AECE-7CBD-45DD-BA02-D4ED227BE562}.Release|ARM.Deploy.0 = Release|Any CPU
		{DC35AECE-7CBD-45DD-BA02-D4ED227BE562}.Release|iPhone.ActiveCfg = Release|Any CPU
		{DC35AECE-7CBD-45DD-BA02-D4ED227BE562}.Release|iPhone.Build.0 = Release|Any CPU
		{DC35AECE-7CBD-45DD-BA02-D4ED227BE562}.Release|iPhone.Deploy.0 = Release|Any CPU
		{DC35AECE-7CBD-45DD-BA02-D4ED227BE562}.Release|iPhoneSimulator.ActiveCfg = Release|Any CPU
		{DC35AECE-7CBD-45DD-BA02-D4ED227BE562}.Release|iPhoneSimulator.Build.0 = Release|Any CPU
		{DC35AECE-7CBD-45DD-BA02-D4ED227BE562}.Release|iPhoneSimulator.Deploy.0 = Release|Any CPU
		{DC35AECE-7CBD-45DD-BA02-D4ED227BE562}.Release|x64.ActiveCfg = Release|Any CPU
		{DC35AECE-7CBD-45DD-BA02-D4ED227BE562}.Release|x64.Build.0 = Release|Any CPU
		{DC35AECE-7CBD-45DD-BA02-D4ED227BE562}.Release|x64.Deploy.0 = Release|Any CPU
		{DC35AECE-7CBD-45DD-BA02-D4ED227BE562}.Release|x86.ActiveCfg = Release|Any CPU
		{DC35AECE-7CBD-45DD-BA02-D4ED227BE562}.Release|x86.Build.0 = Release|Any CPU
		{DC35AECE-7CBD-45DD-BA02-D4ED227BE562}.Release|x86.Deploy.0 = Release|Any CPU
		{383D369B-C971-41E9-8DB7-44CE20CBDF5B}.Ad-Hoc|Any CPU.ActiveCfg = Ad-Hoc|iPhone
		{383D369B-C971-41E9-8DB7-44CE20CBDF5B}.Ad-Hoc|ARM.ActiveCfg = Ad-Hoc|iPhone
		{383D369B-C971-41E9-8DB7-44CE20CBDF5B}.Ad-Hoc|iPhone.ActiveCfg = Ad-Hoc|iPhone
		{383D369B-C971-41E9-8DB7-44CE20CBDF5B}.Ad-Hoc|iPhone.Build.0 = Ad-Hoc|iPhone
		{383D369B-C971-41E9-8DB7-44CE20CBDF5B}.Ad-Hoc|iPhoneSimulator.ActiveCfg = Ad-Hoc|iPhoneSimulator
		{383D369B-C971-41E9-8DB7-44CE20CBDF5B}.Ad-Hoc|iPhoneSimulator.Build.0 = Ad-Hoc|iPhoneSimulator
		{383D369B-C971-41E9-8DB7-44CE20CBDF5B}.Ad-Hoc|x64.ActiveCfg = Ad-Hoc|iPhone
		{383D369B-C971-41E9-8DB7-44CE20CBDF5B}.Ad-Hoc|x86.ActiveCfg = Ad-Hoc|iPhone
		{383D369B-C971-41E9-8DB7-44CE20CBDF5B}.AppStore|Any CPU.ActiveCfg = AppStore|iPhone
		{383D369B-C971-41E9-8DB7-44CE20CBDF5B}.AppStore|ARM.ActiveCfg = AppStore|iPhone
		{383D369B-C971-41E9-8DB7-44CE20CBDF5B}.AppStore|iPhone.ActiveCfg = AppStore|iPhone
		{383D369B-C971-41E9-8DB7-44CE20CBDF5B}.AppStore|iPhone.Build.0 = AppStore|iPhone
		{383D369B-C971-41E9-8DB7-44CE20CBDF5B}.AppStore|iPhoneSimulator.ActiveCfg = AppStore|iPhoneSimulator
		{383D369B-C971-41E9-8DB7-44CE20CBDF5B}.AppStore|iPhoneSimulator.Build.0 = AppStore|iPhoneSimulator
		{383D369B-C971-41E9-8DB7-44CE20CBDF5B}.AppStore|x64.ActiveCfg = AppStore|iPhone
		{383D369B-C971-41E9-8DB7-44CE20CBDF5B}.AppStore|x86.ActiveCfg = AppStore|iPhone
		{383D369B-C971-41E9-8DB7-44CE20CBDF5B}.Debug|Any CPU.ActiveCfg = Debug|iPhone
		{383D369B-C971-41E9-8DB7-44CE20CBDF5B}.Debug|ARM.ActiveCfg = Debug|iPhone
		{383D369B-C971-41E9-8DB7-44CE20CBDF5B}.Debug|iPhone.ActiveCfg = Debug|iPhone
		{383D369B-C971-41E9-8DB7-44CE20CBDF5B}.Debug|iPhone.Build.0 = Debug|iPhone
		{383D369B-C971-41E9-8DB7-44CE20CBDF5B}.Debug|iPhoneSimulator.ActiveCfg = Debug|iPhoneSimulator
		{383D369B-C971-41E9-8DB7-44CE20CBDF5B}.Debug|iPhoneSimulator.Build.0 = Debug|iPhoneSimulator
		{383D369B-C971-41E9-8DB7-44CE20CBDF5B}.Debug|x64.ActiveCfg = Debug|iPhone
		{383D369B-C971-41E9-8DB7-44CE20CBDF5B}.Debug|x86.ActiveCfg = Debug|iPhone
		{383D369B-C971-41E9-8DB7-44CE20CBDF5B}.Release|Any CPU.ActiveCfg = Release|iPhone
		{383D369B-C971-41E9-8DB7-44CE20CBDF5B}.Release|ARM.ActiveCfg = Release|iPhone
		{383D369B-C971-41E9-8DB7-44CE20CBDF5B}.Release|iPhone.ActiveCfg = Release|iPhone
		{383D369B-C971-41E9-8DB7-44CE20CBDF5B}.Release|iPhone.Build.0 = Release|iPhone
		{383D369B-C971-41E9-8DB7-44CE20CBDF5B}.Release|iPhoneSimulator.ActiveCfg = Release|iPhoneSimulator
		{383D369B-C971-41E9-8DB7-44CE20CBDF5B}.Release|iPhoneSimulator.Build.0 = Release|iPhoneSimulator
		{383D369B-C971-41E9-8DB7-44CE20CBDF5B}.Release|x64.ActiveCfg = Release|iPhone
		{383D369B-C971-41E9-8DB7-44CE20CBDF5B}.Release|x86.ActiveCfg = Release|iPhone
		{3182E759-E18F-4DDF-B59C-8DFA3AEF7CF3}.Ad-Hoc|Any CPU.ActiveCfg = Release|x86
		{3182E759-E18F-4DDF-B59C-8DFA3AEF7CF3}.Ad-Hoc|Any CPU.Build.0 = Release|x86
		{3182E759-E18F-4DDF-B59C-8DFA3AEF7CF3}.Ad-Hoc|Any CPU.Deploy.0 = Release|x86
		{3182E759-E18F-4DDF-B59C-8DFA3AEF7CF3}.Ad-Hoc|ARM.ActiveCfg = Release|ARM
		{3182E759-E18F-4DDF-B59C-8DFA3AEF7CF3}.Ad-Hoc|ARM.Build.0 = Release|ARM
		{3182E759-E18F-4DDF-B59C-8DFA3AEF7CF3}.Ad-Hoc|ARM.Deploy.0 = Release|ARM
		{3182E759-E18F-4DDF-B59C-8DFA3AEF7CF3}.Ad-Hoc|iPhone.ActiveCfg = Release|x86
		{3182E759-E18F-4DDF-B59C-8DFA3AEF7CF3}.Ad-Hoc|iPhone.Build.0 = Release|x86
		{3182E759-E18F-4DDF-B59C-8DFA3AEF7CF3}.Ad-Hoc|iPhone.Deploy.0 = Release|x86
		{3182E759-E18F-4DDF-B59C-8DFA3AEF7CF3}.Ad-Hoc|iPhoneSimulator.ActiveCfg = Release|x86
		{3182E759-E18F-4DDF-B59C-8DFA3AEF7CF3}.Ad-Hoc|iPhoneSimulator.Build.0 = Release|x86
		{3182E759-E18F-4DDF-B59C-8DFA3AEF7CF3}.Ad-Hoc|iPhoneSimulator.Deploy.0 = Release|x86
		{3182E759-E18F-4DDF-B59C-8DFA3AEF7CF3}.Ad-Hoc|x64.ActiveCfg = Release|x64
		{3182E759-E18F-4DDF-B59C-8DFA3AEF7CF3}.Ad-Hoc|x64.Build.0 = Release|x64
		{3182E759-E18F-4DDF-B59C-8DFA3AEF7CF3}.Ad-Hoc|x64.Deploy.0 = Release|x64
		{3182E759-E18F-4DDF-B59C-8DFA3AEF7CF3}.Ad-Hoc|x86.ActiveCfg = Release|x86
		{3182E759-E18F-4DDF-B59C-8DFA3AEF7CF3}.Ad-Hoc|x86.Build.0 = Release|x86
		{3182E759-E18F-4DDF-B59C-8DFA3AEF7CF3}.Ad-Hoc|x86.Deploy.0 = Release|x86
		{3182E759-E18F-4DDF-B59C-8DFA3AEF7CF3}.AppStore|Any CPU.ActiveCfg = Release|x86
		{3182E759-E18F-4DDF-B59C-8DFA3AEF7CF3}.AppStore|Any CPU.Build.0 = Release|x86
		{3182E759-E18F-4DDF-B59C-8DFA3AEF7CF3}.AppStore|Any CPU.Deploy.0 = Release|x86
		{3182E759-E18F-4DDF-B59C-8DFA3AEF7CF3}.AppStore|ARM.ActiveCfg = Release|ARM
		{3182E759-E18F-4DDF-B59C-8DFA3AEF7CF3}.AppStore|ARM.Build.0 = Release|ARM
		{3182E759-E18F-4DDF-B59C-8DFA3AEF7CF3}.AppStore|ARM.Deploy.0 = Release|ARM
		{3182E759-E18F-4DDF-B59C-8DFA3AEF7CF3}.AppStore|iPhone.ActiveCfg = Release|x86
		{3182E759-E18F-4DDF-B59C-8DFA3AEF7CF3}.AppStore|iPhone.Build.0 = Release|x86
		{3182E759-E18F-4DDF-B59C-8DFA3AEF7CF3}.AppStore|iPhone.Deploy.0 = Release|x86
		{3182E759-E18F-4DDF-B59C-8DFA3AEF7CF3}.AppStore|iPhoneSimulator.ActiveCfg = Release|x86
		{3182E759-E18F-4DDF-B59C-8DFA3AEF7CF3}.AppStore|iPhoneSimulator.Build.0 = Release|x86
		{3182E759-E18F-4DDF-B59C-8DFA3AEF7CF3}.AppStore|iPhoneSimulator.Deploy.0 = Release|x86
		{3182E759-E18F-4DDF-B59C-8DFA3AEF7CF3}.AppStore|x64.ActiveCfg = Release|x64
		{3182E759-E18F-4DDF-B59C-8DFA3AEF7CF3}.AppStore|x64.Build.0 = Release|x64
		{3182E759-E18F-4DDF-B59C-8DFA3AEF7CF3}.AppStore|x64.Deploy.0 = Release|x64
		{3182E759-E18F-4DDF-B59C-8DFA3AEF7CF3}.AppStore|x86.ActiveCfg = Release|x86
		{3182E759-E18F-4DDF-B59C-8DFA3AEF7CF3}.AppStore|x86.Build.0 = Release|x86
		{3182E759-E18F-4DDF-B59C-8DFA3AEF7CF3}.AppStore|x86.Deploy.0 = Release|x86
		{3182E759-E18F-4DDF-B59C-8DFA3AEF7CF3}.Debug|Any CPU.ActiveCfg = Debug|x86
		{3182E759-E18F-4DDF-B59C-8DFA3AEF7CF3}.Debug|ARM.ActiveCfg = Debug|ARM
		{3182E759-E18F-4DDF-B59C-8DFA3AEF7CF3}.Debug|ARM.Build.0 = Debug|ARM
		{3182E759-E18F-4DDF-B59C-8DFA3AEF7CF3}.Debug|ARM.Deploy.0 = Debug|ARM
		{3182E759-E18F-4DDF-B59C-8DFA3AEF7CF3}.Debug|iPhone.ActiveCfg = Debug|x86
		{3182E759-E18F-4DDF-B59C-8DFA3AEF7CF3}.Debug|iPhoneSimulator.ActiveCfg = Debug|x86
		{3182E759-E18F-4DDF-B59C-8DFA3AEF7CF3}.Debug|x64.ActiveCfg = Debug|x64
		{3182E759-E18F-4DDF-B59C-8DFA3AEF7CF3}.Debug|x64.Build.0 = Debug|x64
		{3182E759-E18F-4DDF-B59C-8DFA3AEF7CF3}.Debug|x64.Deploy.0 = Debug|x64
		{3182E759-E18F-4DDF-B59C-8DFA3AEF7CF3}.Debug|x86.ActiveCfg = Debug|x86
		{3182E759-E18F-4DDF-B59C-8DFA3AEF7CF3}.Debug|x86.Build.0 = Debug|x86
		{3182E759-E18F-4DDF-B59C-8DFA3AEF7CF3}.Debug|x86.Deploy.0 = Debug|x86
		{3182E759-E18F-4DDF-B59C-8DFA3AEF7CF3}.Release|Any CPU.ActiveCfg = Release|x86
		{3182E759-E18F-4DDF-B59C-8DFA3AEF7CF3}.Release|ARM.ActiveCfg = Release|ARM
		{3182E759-E18F-4DDF-B59C-8DFA3AEF7CF3}.Release|ARM.Build.0 = Release|ARM
		{3182E759-E18F-4DDF-B59C-8DFA3AEF7CF3}.Release|ARM.Deploy.0 = Release|ARM
		{3182E759-E18F-4DDF-B59C-8DFA3AEF7CF3}.Release|iPhone.ActiveCfg = Release|x86
		{3182E759-E18F-4DDF-B59C-8DFA3AEF7CF3}.Release|iPhoneSimulator.ActiveCfg = Release|x86
		{3182E759-E18F-4DDF-B59C-8DFA3AEF7CF3}.Release|x64.ActiveCfg = Release|x64
		{3182E759-E18F-4DDF-B59C-8DFA3AEF7CF3}.Release|x64.Build.0 = Release|x64
		{3182E759-E18F-4DDF-B59C-8DFA3AEF7CF3}.Release|x64.Deploy.0 = Release|x64
		{3182E759-E18F-4DDF-B59C-8DFA3AEF7CF3}.Release|x86.ActiveCfg = Release|x86
		{3182E759-E18F-4DDF-B59C-8DFA3AEF7CF3}.Release|x86.Build.0 = Release|x86
		{3182E759-E18F-4DDF-B59C-8DFA3AEF7CF3}.Release|x86.Deploy.0 = Release|x86
	EndGlobalSection
	GlobalSection(SolutionProperties) = preSolution
		HideSolutionNode = FALSE
	EndGlobalSection
EndGlobal
